
Microsoft Visual Studio Solution File, Format Version 12.00
# Visual Studio Version 17
VisualStudioVersion = 17.0.31903.59
MinimumVisualStudioVersion = 10.0.40219.1
Project("{2150E333-8FDC-42A3-9474-1A3956D46DE8}") = "src", "src", "{827E0CD3-B72D-47B6-A68D-7590B98EB39B}"
EndProject
Project("{FAE04EC0-301F-11D3-BF4B-00C04F79EFBC}") = "LanTransfer.Common", "src\LanTransfer.Common\LanTransfer.Common.csproj", "{B56F99A8-A213-414A-BE12-99E0A78341C3}"
EndProject
Project("{FAE04EC0-301F-11D3-BF4B-00C04F79EFBC}") = "LanTransfer.Core", "src\LanTransfer.Core\LanTransfer.Core.csproj", "{4DD95926-9FAE-40CF-86E6-69C14754D5D4}"
EndProject
Project("{FAE04EC0-301F-11D3-BF4B-00C04F79EFBC}") = "LanTransfer.Network", "src\LanTransfer.Network\LanTransfer.Network.csproj", "{589519FE-4AD8-457D-8D21-526D2D197F7A}"
EndProject
Project("{FAE04EC0-301F-11D3-BF4B-00C04F79EFBC}") = "LanTransfer.Security", "src\LanTransfer.Security\LanTransfer.Security.csproj", "{F39E7781-4550-402F-8BAA-26773C67CFB2}"
EndProject
Project("{FAE04EC0-301F-11D3-BF4B-00C04F79EFBC}") = "LanTransfer.Storage", "src\LanTransfer.Storage\LanTransfer.Storage.csproj", "{B11A76AF-325D-4F39-BBD9-12E946B13B96}"
EndProject
Project("{FAE04EC0-301F-11D3-BF4B-00C04F79EFBC}") = "LanTransfer.Sync", "src\LanTransfer.Sync\LanTransfer.Sync.csproj", "{650D234C-4E46-44F1-81F7-6154D598418D}"
EndProject
Project("{FAE04EC0-301F-11D3-BF4B-00C04F79EFBC}") = "LanTransfer.App", "src\LanTransfer.App\LanTransfer.App.csproj", "{5AE75C00-D8D8-47AA-8F7E-8C236DEE75A8}"
EndProject
Project("{2150E333-8FDC-42A3-9474-1A3956D46DE8}") = "tests", "tests", "{0AB3BF05-4346-4AA6-1389-037BE0695223}"
EndProject
Project("{FAE04EC0-301F-11D3-BF4B-00C04F79EFBC}") = "LanTransfer.Core.Tests", "tests\LanTransfer.Core.Tests\LanTransfer.Core.Tests.csproj", "{08228A4E-8FE9-4BBC-AD96-855DAE886010}"
EndProject
Project("{FAE04EC0-301F-11D3-BF4B-00C04F79EFBC}") = "LanTransfer.Network.Tests", "tests\LanTransfer.Network.Tests\LanTransfer.Network.Tests.csproj", "{2C1F90F6-796D-492F-A0B2-AC5DFA200A29}"
EndProject
Project("{FAE04EC0-301F-11D3-BF4B-00C04F79EFBC}") = "LanTransfer.IntegrationTests", "tests\LanTransfer.IntegrationTests\LanTransfer.IntegrationTests.csproj", "{CE83E47C-0D93-4EFD-A979-A0CDDC248A5C}"
EndProject
Project("{FAE04EC0-301F-11D3-BF4B-00C04F79EFBC}") = "LanTransfer.App.Tests", "tests\LanTransfer.App.Tests\LanTransfer.App.Tests.csproj", "{395E6916-F35A-41CE-B812-71CB1E2DF18F}"
EndProject
Global
	GlobalSection(SolutionConfigurationPlatforms) = preSolution
		Debug|Any CPU = Debug|Any CPU
		Debug|x64 = Debug|x64
		Debug|x86 = Debug|x86
		Release|Any CPU = Release|Any CPU
		Release|x64 = Release|x64
		Release|x86 = Release|x86
	EndGlobalSection
	GlobalSection(ProjectConfigurationPlatforms) = postSolution
		{B56F99A8-A213-414A-BE12-99E0A78341C3}.Debug|Any CPU.ActiveCfg = Debug|Any CPU
		{B56F99A8-A213-414A-BE12-99E0A78341C3}.Debug|Any CPU.Build.0 = Debug|Any CPU
		{B56F99A8-A213-414A-BE12-99E0A78341C3}.Debug|x64.ActiveCfg = Debug|Any CPU
		{B56F99A8-A213-414A-BE12-99E0A78341C3}.Debug|x64.Build.0 = Debug|Any CPU
		{B56F99A8-A213-414A-BE12-99E0A78341C3}.Debug|x86.ActiveCfg = Debug|Any CPU
		{B56F99A8-A213-414A-BE12-99E0A78341C3}.Debug|x86.Build.0 = Debug|Any CPU
		{B56F99A8-A213-414A-BE12-99E0A78341C3}.Release|Any CPU.ActiveCfg = Release|Any CPU
		{B56F99A8-A213-414A-BE12-99E0A78341C3}.Release|Any CPU.Build.0 = Release|Any CPU
		{B56F99A8-A213-414A-BE12-99E0A78341C3}.Release|x64.ActiveCfg = Release|Any CPU
		{B56F99A8-A213-414A-BE12-99E0A78341C3}.Release|x64.Build.0 = Release|Any CPU
		{B56F99A8-A213-414A-BE12-99E0A78341C3}.Release|x86.ActiveCfg = Release|Any CPU
		{B56F99A8-A213-414A-BE12-99E0A78341C3}.Release|x86.Build.0 = Release|Any CPU
		{4DD95926-9FAE-40CF-86E6-69C14754D5D4}.Debug|Any CPU.ActiveCfg = Debug|Any CPU
		{4DD95926-9FAE-40CF-86E6-69C14754D5D4}.Debug|Any CPU.Build.0 = Debug|Any CPU
		{4DD95926-9FAE-40CF-86E6-69C14754D5D4}.Debug|x64.ActiveCfg = Debug|Any CPU
		{4DD95926-9FAE-40CF-86E6-69C14754D5D4}.Debug|x64.Build.0 = Debug|Any CPU
		{4DD95926-9FAE-40CF-86E6-69C14754D5D4}.Debug|x86.ActiveCfg = Debug|Any CPU
		{4DD95926-9FAE-40CF-86E6-69C14754D5D4}.Debug|x86.Build.0 = Debug|Any CPU
		{4DD95926-9FAE-40CF-86E6-69C14754D5D4}.Release|Any CPU.ActiveCfg = Release|Any CPU
		{4DD95926-9FAE-40CF-86E6-69C14754D5D4}.Release|Any CPU.Build.0 = Release|Any CPU
		{4DD95926-9FAE-40CF-86E6-69C14754D5D4}.Release|x64.ActiveCfg = Release|Any CPU
		{4DD95926-9FAE-40CF-86E6-69C14754D5D4}.Release|x64.Build.0 = Release|Any CPU
		{4DD95926-9FAE-40CF-86E6-69C14754D5D4}.Release|x86.ActiveCfg = Release|Any CPU
		{4DD95926-9FAE-40CF-86E6-69C14754D5D4}.Release|x86.Build.0 = Release|Any CPU
		{589519FE-4AD8-457D-8D21-526D2D197F7A}.Debug|Any CPU.ActiveCfg = Debug|Any CPU
		{589519FE-4AD8-457D-8D21-526D2D197F7A}.Debug|Any CPU.Build.0 = Debug|Any CPU
		{589519FE-4AD8-457D-8D21-526D2D197F7A}.Debug|x64.ActiveCfg = Debug|Any CPU
		{589519FE-4AD8-457D-8D21-526D2D197F7A}.Debug|x64.Build.0 = Debug|Any CPU
		{589519FE-4AD8-457D-8D21-526D2D197F7A}.Debug|x86.ActiveCfg = Debug|Any CPU
		{589519FE-4AD8-457D-8D21-526D2D197F7A}.Debug|x86.Build.0 = Debug|Any CPU
		{589519FE-4AD8-457D-8D21-526D2D197F7A}.Release|Any CPU.ActiveCfg = Release|Any CPU
		{589519FE-4AD8-457D-8D21-526D2D197F7A}.Release|Any CPU.Build.0 = Release|Any CPU
		{589519FE-4AD8-457D-8D21-526D2D197F7A}.Release|x64.ActiveCfg = Release|Any CPU
		{589519FE-4AD8-457D-8D21-526D2D197F7A}.Release|x64.Build.0 = Release|Any CPU
		{589519FE-4AD8-457D-8D21-526D2D197F7A}.Release|x86.ActiveCfg = Release|Any CPU
		{589519FE-4AD8-457D-8D21-526D2D197F7A}.Release|x86.Build.0 = Release|Any CPU
		{F39E7781-4550-402F-8BAA-26773C67CFB2}.Debug|Any CPU.ActiveCfg = Debug|Any CPU
		{F39E7781-4550-402F-8BAA-26773C67CFB2}.Debug|Any CPU.Build.0 = Debug|Any CPU
		{F39E7781-4550-402F-8BAA-26773C67CFB2}.Debug|x64.ActiveCfg = Debug|Any CPU
		{F39E7781-4550-402F-8BAA-26773C67CFB2}.Debug|x64.Build.0 = Debug|Any CPU
		{F39E7781-4550-402F-8BAA-26773C67CFB2}.Debug|x86.ActiveCfg = Debug|Any CPU
		{F39E7781-4550-402F-8BAA-26773C67CFB2}.Debug|x86.Build.0 = Debug|Any CPU
		{F39E7781-4550-402F-8BAA-26773C67CFB2}.Release|Any CPU.ActiveCfg = Release|Any CPU
		{F39E7781-4550-402F-8BAA-26773C67CFB2}.Release|Any CPU.Build.0 = Release|Any CPU
		{F39E7781-4550-402F-8BAA-26773C67CFB2}.Release|x64.ActiveCfg = Release|Any CPU
		{F39E7781-4550-402F-8BAA-26773C67CFB2}.Release|x64.Build.0 = Release|Any CPU
		{F39E7781-4550-402F-8BAA-26773C67CFB2}.Release|x86.ActiveCfg = Release|Any CPU
		{F39E7781-4550-402F-8BAA-26773C67CFB2}.Release|x86.Build.0 = Release|Any CPU
		{B11A76AF-325D-4F39-BBD9-12E946B13B96}.Debug|Any CPU.ActiveCfg = Debug|Any CPU
		{B11A76AF-325D-4F39-BBD9-12E946B13B96}.Debug|Any CPU.Build.0 = Debug|Any CPU
		{B11A76AF-325D-4F39-BBD9-12E946B13B96}.Debug|x64.ActiveCfg = Debug|Any CPU
		{B11A76AF-325D-4F39-BBD9-12E946B13B96}.Debug|x64.Build.0 = Debug|Any CPU
		{B11A76AF-325D-4F39-BBD9-12E946B13B96}.Debug|x86.ActiveCfg = Debug|Any CPU
		{B11A76AF-325D-4F39-BBD9-12E946B13B96}.Debug|x86.Build.0 = Debug|Any CPU
		{B11A76AF-325D-4F39-BBD9-12E946B13B96}.Release|Any CPU.ActiveCfg = Release|Any CPU
		{B11A76AF-325D-4F39-BBD9-12E946B13B96}.Release|Any CPU.Build.0 = Release|Any CPU
		{B11A76AF-325D-4F39-BBD9-12E946B13B96}.Release|x64.ActiveCfg = Release|Any CPU
		{B11A76AF-325D-4F39-BBD9-12E946B13B96}.Release|x64.Build.0 = Release|Any CPU
		{B11A76AF-325D-4F39-BBD9-12E946B13B96}.Release|x86.ActiveCfg = Release|Any CPU
		{B11A76AF-325D-4F39-BBD9-12E946B13B96}.Release|x86.Build.0 = Release|Any CPU
		{650D234C-4E46-44F1-81F7-6154D598418D}.Debug|Any CPU.ActiveCfg = Debug|Any CPU
		{650D234C-4E46-44F1-81F7-6154D598418D}.Debug|Any CPU.Build.0 = Debug|Any CPU
		{650D234C-4E46-44F1-81F7-6154D598418D}.Debug|x64.ActiveCfg = Debug|Any CPU
		{650D234C-4E46-44F1-81F7-6154D598418D}.Debug|x64.Build.0 = Debug|Any CPU
		{650D234C-4E46-44F1-81F7-6154D598418D}.Debug|x86.ActiveCfg = Debug|Any CPU
		{650D234C-4E46-44F1-81F7-6154D598418D}.Debug|x86.Build.0 = Debug|Any CPU
		{650D234C-4E46-44F1-81F7-6154D598418D}.Release|Any CPU.ActiveCfg = Release|Any CPU
		{650D234C-4E46-44F1-81F7-6154D598418D}.Release|Any CPU.Build.0 = Release|Any CPU
		{650D234C-4E46-44F1-81F7-6154D598418D}.Release|x64.ActiveCfg = Release|Any CPU
		{650D234C-4E46-44F1-81F7-6154D598418D}.Release|x64.Build.0 = Release|Any CPU
		{650D234C-4E46-44F1-81F7-6154D598418D}.Release|x86.ActiveCfg = Release|Any CPU
		{650D234C-4E46-44F1-81F7-6154D598418D}.Release|x86.Build.0 = Release|Any CPU
		{5AE75C00-D8D8-47AA-8F7E-8C236DEE75A8}.Debug|Any CPU.ActiveCfg = Debug|Any CPU
		{5AE75C00-D8D8-47AA-8F7E-8C236DEE75A8}.Debug|Any CPU.Build.0 = Debug|Any CPU
		{5AE75C00-D8D8-47AA-8F7E-8C236DEE75A8}.Debug|x64.ActiveCfg = Debug|Any CPU
		{5AE75C00-D8D8-47AA-8F7E-8C236DEE75A8}.Debug|x64.Build.0 = Debug|Any CPU
		{5AE75C00-D8D8-47AA-8F7E-8C236DEE75A8}.Debug|x86.ActiveCfg = Debug|Any CPU
		{5AE75C00-D8D8-47AA-8F7E-8C236DEE75A8}.Debug|x86.Build.0 = Debug|Any CPU
		{5AE75C00-D8D8-47AA-8F7E-8C236DEE75A8}.Release|Any CPU.ActiveCfg = Release|Any CPU
		{5AE75C00-D8D8-47AA-8F7E-8C236DEE75A8}.Release|Any CPU.Build.0 = Release|Any CPU
		{5AE75C00-D8D8-47AA-8F7E-8C236DEE75A8}.Release|x64.ActiveCfg = Release|Any CPU
		{5AE75C00-D8D8-47AA-8F7E-8C236DEE75A8}.Release|x64.Build.0 = Release|Any CPU
		{5AE75C00-D8D8-47AA-8F7E-8C236DEE75A8}.Release|x86.ActiveCfg = Release|Any CPU
		{5AE75C00-D8D8-47AA-8F7E-8C236DEE75A8}.Release|x86.Build.0 = Release|Any CPU
		{08228A4E-8FE9-4BBC-AD96-855DAE886010}.Debug|Any CPU.ActiveCfg = Debug|Any CPU
		{08228A4E-8FE9-4BBC-AD96-855DAE886010}.Debug|Any CPU.Build.0 = Debug|Any CPU
		{08228A4E-8FE9-4BBC-AD96-855DAE886010}.Debug|x64.ActiveCfg = Debug|Any CPU
		{08228A4E-8FE9-4BBC-AD96-855DAE886010}.Debug|x64.Build.0 = Debug|Any CPU
		{08228A4E-8FE9-4BBC-AD96-855DAE886010}.Debug|x86.ActiveCfg = Debug|Any CPU
		{08228A4E-8FE9-4BBC-AD96-855DAE886010}.Debug|x86.Build.0 = Debug|Any CPU
		{08228A4E-8FE9-4BBC-AD96-855DAE886010}.Release|Any CPU.ActiveCfg = Release|Any CPU
		{08228A4E-8FE9-4BBC-AD96-855DAE886010}.Release|Any CPU.Build.0 = Release|Any CPU
		{08228A4E-8FE9-4BBC-AD96-855DAE886010}.Release|x64.ActiveCfg = Release|Any CPU
		{08228A4E-8FE9-4BBC-AD96-855DAE886010}.Release|x64.Build.0 = Release|Any CPU
		{08228A4E-8FE9-4BBC-AD96-855DAE886010}.Release|x86.ActiveCfg = Release|Any CPU
		{08228A4E-8FE9-4BBC-AD96-855DAE886010}.Release|x86.Build.0 = Release|Any CPU
		{2C1F90F6-796D-492F-A0B2-AC5DFA200A29}.Debug|Any CPU.ActiveCfg = Debug|Any CPU
		{2C1F90F6-796D-492F-A0B2-AC5DFA200A29}.Debug|Any CPU.Build.0 = Debug|Any CPU
		{2C1F90F6-796D-492F-A0B2-AC5DFA200A29}.Debug|x64.ActiveCfg = Debug|Any CPU
		{2C1F90F6-796D-492F-A0B2-AC5DFA200A29}.Debug|x64.Build.0 = Debug|Any CPU
		{2C1F90F6-796D-492F-A0B2-AC5DFA200A29}.Debug|x86.ActiveCfg = Debug|Any CPU
		{2C1F90F6-796D-492F-A0B2-AC5DFA200A29}.Debug|x86.Build.0 = Debug|Any CPU
		{2C1F90F6-796D-492F-A0B2-AC5DFA200A29}.Release|Any CPU.ActiveCfg = Release|Any CPU
		{2C1F90F6-796D-492F-A0B2-AC5DFA200A29}.Release|Any CPU.Build.0 = Release|Any CPU
		{2C1F90F6-796D-492F-A0B2-AC5DFA200A29}.Release|x64.ActiveCfg = Release|Any CPU
		{2C1F90F6-796D-492F-A0B2-AC5DFA200A29}.Release|x64.Build.0 = Release|Any CPU
		{2C1F90F6-796D-492F-A0B2-AC5DFA200A29}.Release|x86.ActiveCfg = Release|Any CPU
		{2C1F90F6-796D-492F-A0B2-AC5DFA200A29}.Release|x86.Build.0 = Release|Any CPU
		{CE83E47C-0D93-4EFD-A979-A0CDDC248A5C}.Debug|Any CPU.ActiveCfg = Debug|Any CPU
		{CE83E47C-0D93-4EFD-A979-A0CDDC248A5C}.Debug|Any CPU.Build.0 = Debug|Any CPU
		{CE83E47C-0D93-4EFD-A979-A0CDDC248A5C}.Debug|x64.ActiveCfg = Debug|Any CPU
		{CE83E47C-0D93-4EFD-A979-A0CDDC248A5C}.Debug|x64.Build.0 = Debug|Any CPU
		{CE83E47C-0D93-4EFD-A979-A0CDDC248A5C}.Debug|x86.ActiveCfg = Debug|Any CPU
		{CE83E47C-0D93-4EFD-A979-A0CDDC248A5C}.Debug|x86.Build.0 = Debug|Any CPU
		{CE83E47C-0D93-4EFD-A979-A0CDDC248A5C}.Release|Any CPU.ActiveCfg = Release|Any CPU
		{CE83E47C-0D93-4EFD-A979-A0CDDC248A5C}.Release|Any CPU.Build.0 = Release|Any CPU
		{CE83E47C-0D93-4EFD-A979-A0CDDC248A5C}.Release|x64.ActiveCfg = Release|Any CPU
		{CE83E47C-0D93-4EFD-A979-A0CDDC248A5C}.Release|x64.Build.0 = Release|Any CPU
		{CE83E47C-0D93-4EFD-A979-A0CDDC248A5C}.Release|x86.ActiveCfg = Release|Any CPU
		{CE83E47C-0D93-4EFD-A979-A0CDDC248A5C}.Release|x86.Build.0 = Release|Any CPU
		{395E6916-F35A-41CE-B812-71CB1E2DF18F}.Debug|Any CPU.ActiveCfg = Debug|Any CPU
		{395E6916-F35A-41CE-B812-71CB1E2DF18F}.Debug|Any CPU.Build.0 = Debug|Any CPU
		{395E6916-F35A-41CE-B812-71CB1E2DF18F}.Debug|x64.ActiveCfg = Debug|Any CPU
		{395E6916-F35A-41CE-B812-71CB1E2DF18F}.Debug|x64.Build.0 = Debug|Any CPU
		{395E6916-F35A-41CE-B812-71CB1E2DF18F}.Debug|x86.ActiveCfg = Debug|Any CPU
		{395E6916-F35A-41CE-B812-71CB1E2DF18F}.Debug|x86.Build.0 = Debug|Any CPU
		{395E6916-F35A-41CE-B812-71CB1E2DF18F}.Release|Any CPU.ActiveCfg = Release|Any CPU
		{395E6916-F35A-41CE-B812-71CB1E2DF18F}.Release|Any CPU.Build.0 = Release|Any CPU
		{395E6916-F35A-41CE-B812-71CB1E2DF18F}.Release|x64.ActiveCfg = Release|Any CPU
		{395E6916-F35A-41CE-B812-71CB1E2DF18F}.Release|x64.Build.0 = Release|Any CPU
		{395E6916-F35A-41CE-B812-71CB1E2DF18F}.Release|x86.ActiveCfg = Release|Any CPU
		{395E6916-F35A-41CE-B812-71CB1E2DF18F}.Release|x86.Build.0 = Release|Any CPU
	EndGlobalSection
	GlobalSection(SolutionProperties) = preSolution
		HideSolutionNode = FALSE
	EndGlobalSection
	GlobalSection(NestedProjects) = preSolution
		{B56F99A8-A213-414A-BE12-99E0A78341C3} = {827E0CD3-B72D-47B6-A68D-7590B98EB39B}
		{4DD95926-9FAE-40CF-86E6-69C14754D5D4} = {827E0CD3-B72D-47B6-A68D-7590B98EB39B}
		{589519FE-4AD8-457D-8D21-526D2D197F7A} = {827E0CD3-B72D-47B6-A68D-7590B98EB39B}
		{F39E7781-4550-402F-8BAA-26773C67CFB2} = {827E0CD3-B72D-47B6-A68D-7590B98EB39B}
		{B11A76AF-325D-4F39-BBD9-12E946B13B96} = {827E0CD3-B72D-47B6-A68D-7590B98EB39B}
		{650D234C-4E46-44F1-81F7-6154D598418D} = {827E0CD3-B72D-47B6-A68D-7590B98EB39B}
		{5AE75C00-D8D8-47AA-8F7E-8C236DEE75A8} = {827E0CD3-B72D-47B6-A68D-7590B98EB39B}
		{08228A4E-8FE9-4BBC-AD96-855DAE886010} = {0AB3BF05-4346-4AA6-1389-037BE0695223}
		{2C1F90F6-796D-492F-A0B2-AC5DFA200A29} = {0AB3BF05-4346-4AA6-1389-037BE0695223}
		{CE83E47C-0D93-4EFD-A979-A0CDDC248A5C} = {0AB3BF05-4346-4AA6-1389-037BE0695223}
		{395E6916-F35A-41CE-B812-71CB1E2DF18F} = {0AB3BF05-4346-4AA6-1389-037BE0695223}
	EndGlobalSection
EndGlobal
